
Microsoft Visual Studio Solution File, Format Version 12.00
# Visual Studio Version 17
VisualStudioVersion = 17.4.33122.133
MinimumVisualStudioVersion = 10.0.40219.1
Project("{FAE04EC0-301F-11D3-BF4B-00C04F79EFBC}") = "WebApi", "WebApi\WebApi.csproj", "{FA8A4DFC-F8A9-4CB1-A249-1E69C38229CC}"
EndProject
Project("{FAE04EC0-301F-11D3-BF4B-00C04F79EFBC}") = "Persistance", "Persistance\Persistance.csproj", "{E5E724D0-2BBF-4E5A-8336-50641A777B16}"
EndProject
Project("{FAE04EC0-301F-11D3-BF4B-00C04F79EFBC}") = "Domain", "Domain\Domain.csproj", "{459EF920-BC9C-4935-B159-BF65D2A2B2D9}"
EndProject
Project("{FAE04EC0-301F-11D3-BF4B-00C04F79EFBC}") = "Application", "Application\Application.csproj", "{C1816D8D-9B4E-4CFC-99CD-40AC638E1980}"
EndProject
Project("{FAE04EC0-301F-11D3-BF4B-00C04F79EFBC}") = "Infrastructure", "Infrastructure\Infrastructure.csproj", "{84D626DC-0F80-4052-AE2A-57C1D056ED7D}"
EndProject
Global
	GlobalSection(SolutionConfigurationPlatforms) = preSolution
		Debug|Any CPU = Debug|Any CPU
		Release|Any CPU = Release|Any CPU
	EndGlobalSection
	GlobalSection(ProjectConfigurationPlatforms) = postSolution
		{FA8A4DFC-F8A9-4CB1-A249-1E69C38229CC}.Debug|Any CPU.ActiveCfg = Debug|Any CPU
		{FA8A4DFC-F8A9-4CB1-A249-1E69C38229CC}.Debug|Any CPU.Build.0 = Debug|Any CPU
		{FA8A4DFC-F8A9-4CB1-A249-1E69C38229CC}.Release|Any CPU.ActiveCfg = Release|Any CPU
		{FA8A4DFC-F8A9-4CB1-A249-1E69C38229CC}.Release|Any CPU.Build.0 = Release|Any CPU
		{E5E724D0-2BBF-4E5A-8336-50641A777B16}.Debug|Any CPU.ActiveCfg = Debug|Any CPU
		{E5E724D0-2BBF-4E5A-8336-50641A777B16}.Debug|Any CPU.Build.0 = Debug|Any CPU
		{E5E724D0-2BBF-4E5A-8336-50641A777B16}.Release|Any CPU.ActiveCfg = Release|Any CPU
		{E5E724D0-2BBF-4E5A-8336-50641A777B16}.Release|Any CPU.Build.0 = Release|Any CPU
		{459EF920-BC9C-4935-B159-BF65D2A2B2D9}.Debug|Any CPU.ActiveCfg = Debug|Any CPU
		{459EF920-BC9C-4935-B159-BF65D2A2B2D9}.Debug|Any CPU.Build.0 = Debug|Any CPU
		{459EF920-BC9C-4935-B159-BF65D2A2B2D9}.Release|Any CPU.ActiveCfg = Release|Any CPU
		{459EF920-BC9C-4935-B159-BF65D2A2B2D9}.Release|Any CPU.Build.0 = Release|Any CPU
		{C1816D8D-9B4E-4CFC-99CD-40AC638E1980}.Debug|Any CPU.ActiveCfg = Debug|Any CPU
		{C1816D8D-9B4E-4CFC-99CD-40AC638E1980}.Debug|Any CPU.Build.0 = Debug|Any CPU
		{C1816D8D-9B4E-4CFC-99CD-40AC638E1980}.Release|Any CPU.ActiveCfg = Release|Any CPU
		{C1816D8D-9B4E-4CFC-99CD-40AC638E1980}.Release|Any CPU.Build.0 = Release|Any CPU
		{84D626DC-0F80-4052-AE2A-57C1D056ED7D}.Debug|Any CPU.ActiveCfg = Debug|Any CPU
		{84D626DC-0F80-4052-AE2A-57C1D056ED7D}.Debug|Any CPU.Build.0 = Debug|Any CPU
		{84D626DC-0F80-4052-AE2A-57C1D056ED7D}.Release|Any CPU.ActiveCfg = Release|Any CPU
		{84D626DC-0F80-4052-AE2A-57C1D056ED7D}.Release|Any CPU.Build.0 = Release|Any CPU
	EndGlobalSection
	GlobalSection(SolutionProperties) = preSolution
		HideSolutionNode = FALSE
	EndGlobalSection
	GlobalSection(ExtensibilityGlobals) = postSolution
		SolutionGuid = {95151402-0B9E-451F-87FA-C7207F17B085}
	EndGlobalSection
EndGlobal
